
Microsoft Visual Studio Solution File, Format Version 12.00
# Visual Studio Version 17
VisualStudioVersion = 17.14.36717.8 d17.14
MinimumVisualStudioVersion = 10.0.40219.1
Project("{FAE04EC0-301F-11D3-BF4B-00C04F79EFBC}") = "ITS440_Final_ProjectV2", "ITS440_Final_ProjectV2\ITS440_Final_ProjectV2.csproj", "{71D86EA6-0A47-4052-ADBF-C958EEA7BB30}"
EndProject
Global
	GlobalSection(SolutionConfigurationPlatforms) = preSolution
		Debug|Any CPU = Debug|Any CPU
		Release|Any CPU = Release|Any CPU
	EndGlobalSection
	GlobalSection(ProjectConfigurationPlatforms) = postSolution
		{71D86EA6-0A47-4052-ADBF-C958EEA7BB30}.Debug|Any CPU.ActiveCfg = Debug|Any CPU
		{71D86EA6-0A47-4052-ADBF-C958EEA7BB30}.Debug|Any CPU.Build.0 = Debug|Any CPU
		{71D86EA6-0A47-4052-ADBF-C958EEA7BB30}.Release|Any CPU.ActiveCfg = Release|Any CPU
		{71D86EA6-0A47-4052-ADBF-C958EEA7BB30}.Release|Any CPU.Build.0 = Release|Any CPU
	EndGlobalSection
	GlobalSection(SolutionProperties) = preSolution
		HideSolutionNode = FALSE
	EndGlobalSection
	GlobalSection(ExtensibilityGlobals) = postSolution
		SolutionGuid = {37F14B79-6562-4D90-81B1-E58EE87642C5}
	EndGlobalSection
EndGlobal
